
Microsoft Visual Studio Solution File, Format Version 12.00
# Visual Studio 15
VisualStudioVersion = 15.0.28307.902
MinimumVisualStudioVersion = 10.0.40219.1
Project("{FAE04EC0-301F-11D3-BF4B-00C04F79EFBC}") = "Software_Testing", "Software_Testing\Software_Testing.csproj", "{528EDD7E-9664-4990-B397-7DCD6DBB8E8C}"
EndProject
Global
	GlobalSection(SolutionConfigurationPlatforms) = preSolution
		Debug|Any CPU = Debug|Any CPU
		Release|Any CPU = Release|Any CPU
	EndGlobalSection
	GlobalSection(ProjectConfigurationPlatforms) = postSolution
		{528EDD7E-9664-4990-B397-7DCD6DBB8E8C}.Debug|Any CPU.ActiveCfg = Debug|Any CPU
		{528EDD7E-9664-4990-B397-7DCD6DBB8E8C}.Debug|Any CPU.Build.0 = Debug|Any CPU
		{528EDD7E-9664-4990-B397-7DCD6DBB8E8C}.Release|Any CPU.ActiveCfg = Release|Any CPU
		{528EDD7E-9664-4990-B397-7DCD6DBB8E8C}.Release|Any CPU.Build.0 = Release|Any CPU
	EndGlobalSection
	GlobalSection(SolutionProperties) = preSolution
		HideSolutionNode = FALSE
	EndGlobalSection
	GlobalSection(ExtensibilityGlobals) = postSolution
		SolutionGuid = {C229B0A8-FA34-4A3E-987E-5690A936B454}
	EndGlobalSection
EndGlobal
